
Microsoft Visual Studio Solution File, Format Version 12.00
# Visual Studio Version 17
VisualStudioVersion = 17.14.36511.14 d17.14
MinimumVisualStudioVersion = 10.0.40219.1
Project("{FAE04EC0-301F-11D3-BF4B-00C04F79EFBC}") = "DemoPL", "DemoPL\DemoPL.csproj", "{1C4ED362-A178-4C3C-9C2C-A2A2103E05D1}"
EndProject
Project("{FAE04EC0-301F-11D3-BF4B-00C04F79EFBC}") = "DemoDAL", "DemoDAL\DemoDAL.csproj", "{FEE09843-17A3-45E1-913B-3A6C3E45B765}"
EndProject
Project("{FAE04EC0-301F-11D3-BF4B-00C04F79EFBC}") = "DemoBLL", "DemoBLL\DemoBLL.csproj", "{CCF4946F-6187-45BE-B39C-DDB912733B88}"
EndProject
Global
	GlobalSection(SolutionConfigurationPlatforms) = preSolution
		Debug|Any CPU = Debug|Any CPU
		Release|Any CPU = Release|Any CPU
	EndGlobalSection
	GlobalSection(ProjectConfigurationPlatforms) = postSolution
		{1C4ED362-A178-4C3C-9C2C-A2A2103E05D1}.Debug|Any CPU.ActiveCfg = Debug|Any CPU
		{1C4ED362-A178-4C3C-9C2C-A2A2103E05D1}.Debug|Any CPU.Build.0 = Debug|Any CPU
		{1C4ED362-A178-4C3C-9C2C-A2A2103E05D1}.Release|Any CPU.ActiveCfg = Release|Any CPU
		{1C4ED362-A178-4C3C-9C2C-A2A2103E05D1}.Release|Any CPU.Build.0 = Release|Any CPU
		{FEE09843-17A3-45E1-913B-3A6C3E45B765}.Debug|Any CPU.ActiveCfg = Debug|Any CPU
		{FEE09843-17A3-45E1-913B-3A6C3E45B765}.Debug|Any CPU.Build.0 = Debug|Any CPU
		{FEE09843-17A3-45E1-913B-3A6C3E45B765}.Release|Any CPU.ActiveCfg = Release|Any CPU
		{FEE09843-17A3-45E1-913B-3A6C3E45B765}.Release|Any CPU.Build.0 = Release|Any CPU
		{CCF4946F-6187-45BE-B39C-DDB912733B88}.Debug|Any CPU.ActiveCfg = Debug|Any CPU
		{CCF4946F-6187-45BE-B39C-DDB912733B88}.Debug|Any CPU.Build.0 = Debug|Any CPU
		{CCF4946F-6187-45BE-B39C-DDB912733B88}.Release|Any CPU.ActiveCfg = Release|Any CPU
		{CCF4946F-6187-45BE-B39C-DDB912733B88}.Release|Any CPU.Build.0 = Release|Any CPU
	EndGlobalSection
	GlobalSection(SolutionProperties) = preSolution
		HideSolutionNode = FALSE
	EndGlobalSection
	GlobalSection(ExtensibilityGlobals) = postSolution
		SolutionGuid = {7A2C3F88-2497-4A3C-9689-3F7B7B241386}
	EndGlobalSection
EndGlobal
