
Microsoft Visual Studio Solution File, Format Version 12.00
# Visual Studio Version 17
VisualStudioVersion = 17.14.36511.14 d17.14
MinimumVisualStudioVersion = 10.0.40219.1
Project("{FAE04EC0-301F-11D3-BF4B-00C04F79EFBC}") = "DemoPL", "DemoPL\DemoPL.csproj", "{C25AC6D8-F255-4540-AAF3-2074915B4957}"
EndProject
Project("{FAE04EC0-301F-11D3-BF4B-00C04F79EFBC}") = "DemoDAL", "DemoDAL\DemoDAL.csproj", "{D87FC5CC-1220-4BD5-9C6C-17DF5FA54A94}"
EndProject
Project("{FAE04EC0-301F-11D3-BF4B-00C04F79EFBC}") = "DemoBLL", "DemoBLL\DemoBLL.csproj", "{C89AECBD-9813-439F-B088-5B64058935C2}"
EndProject
Global
	GlobalSection(SolutionConfigurationPlatforms) = preSolution
		Debug|Any CPU = Debug|Any CPU
		Release|Any CPU = Release|Any CPU
	EndGlobalSection
	GlobalSection(ProjectConfigurationPlatforms) = postSolution
		{C25AC6D8-F255-4540-AAF3-2074915B4957}.Debug|Any CPU.ActiveCfg = Debug|Any CPU
		{C25AC6D8-F255-4540-AAF3-2074915B4957}.Debug|Any CPU.Build.0 = Debug|Any CPU
		{C25AC6D8-F255-4540-AAF3-2074915B4957}.Release|Any CPU.ActiveCfg = Release|Any CPU
		{C25AC6D8-F255-4540-AAF3-2074915B4957}.Release|Any CPU.Build.0 = Release|Any CPU
		{D87FC5CC-1220-4BD5-9C6C-17DF5FA54A94}.Debug|Any CPU.ActiveCfg = Debug|Any CPU
		{D87FC5CC-1220-4BD5-9C6C-17DF5FA54A94}.Debug|Any CPU.Build.0 = Debug|Any CPU
		{D87FC5CC-1220-4BD5-9C6C-17DF5FA54A94}.Release|Any CPU.ActiveCfg = Release|Any CPU
		{D87FC5CC-1220-4BD5-9C6C-17DF5FA54A94}.Release|Any CPU.Build.0 = Release|Any CPU
		{C89AECBD-9813-439F-B088-5B64058935C2}.Debug|Any CPU.ActiveCfg = Debug|Any CPU
		{C89AECBD-9813-439F-B088-5B64058935C2}.Debug|Any CPU.Build.0 = Debug|Any CPU
		{C89AECBD-9813-439F-B088-5B64058935C2}.Release|Any CPU.ActiveCfg = Release|Any CPU
		{C89AECBD-9813-439F-B088-5B64058935C2}.Release|Any CPU.Build.0 = Release|Any CPU
	EndGlobalSection
	GlobalSection(SolutionProperties) = preSolution
		HideSolutionNode = FALSE
	EndGlobalSection
	GlobalSection(ExtensibilityGlobals) = postSolution
		SolutionGuid = {5800F7D2-BF06-4940-8D3A-69FA991CB6BB}
	EndGlobalSection
EndGlobal
