
Microsoft Visual Studio Solution File, Format Version 12.00
# Visual Studio Version 17
VisualStudioVersion = 17.14.36511.14 d17.14
MinimumVisualStudioVersion = 10.0.40219.1
Project("{FAE04EC0-301F-11D3-BF4B-00C04F79EFBC}") = "DemoPL", "DemoPL\DemoPL.csproj", "{7FB27F59-1414-4B31-BE0F-A46B3C1C7CF0}"
EndProject
Project("{FAE04EC0-301F-11D3-BF4B-00C04F79EFBC}") = "DemoDAL", "DemoDAL\DemoDAL.csproj", "{74B1C996-8937-4946-9B8A-DC2220EA1BA4}"
EndProject
Project("{FAE04EC0-301F-11D3-BF4B-00C04F79EFBC}") = "DemoBLL", "DemoBLL\DemoBLL.csproj", "{164C7950-A672-4827-807C-D60DC391366F}"
EndProject
Global
	GlobalSection(SolutionConfigurationPlatforms) = preSolution
		Debug|Any CPU = Debug|Any CPU
		Release|Any CPU = Release|Any CPU
	EndGlobalSection
	GlobalSection(ProjectConfigurationPlatforms) = postSolution
		{7FB27F59-1414-4B31-BE0F-A46B3C1C7CF0}.Debug|Any CPU.ActiveCfg = Debug|Any CPU
		{7FB27F59-1414-4B31-BE0F-A46B3C1C7CF0}.Debug|Any CPU.Build.0 = Debug|Any CPU
		{7FB27F59-1414-4B31-BE0F-A46B3C1C7CF0}.Release|Any CPU.ActiveCfg = Release|Any CPU
		{7FB27F59-1414-4B31-BE0F-A46B3C1C7CF0}.Release|Any CPU.Build.0 = Release|Any CPU
		{74B1C996-8937-4946-9B8A-DC2220EA1BA4}.Debug|Any CPU.ActiveCfg = Debug|Any CPU
		{74B1C996-8937-4946-9B8A-DC2220EA1BA4}.Debug|Any CPU.Build.0 = Debug|Any CPU
		{74B1C996-8937-4946-9B8A-DC2220EA1BA4}.Release|Any CPU.ActiveCfg = Release|Any CPU
		{74B1C996-8937-4946-9B8A-DC2220EA1BA4}.Release|Any CPU.Build.0 = Release|Any CPU
		{164C7950-A672-4827-807C-D60DC391366F}.Debug|Any CPU.ActiveCfg = Debug|Any CPU
		{164C7950-A672-4827-807C-D60DC391366F}.Debug|Any CPU.Build.0 = Debug|Any CPU
		{164C7950-A672-4827-807C-D60DC391366F}.Release|Any CPU.ActiveCfg = Release|Any CPU
		{164C7950-A672-4827-807C-D60DC391366F}.Release|Any CPU.Build.0 = Release|Any CPU
	EndGlobalSection
	GlobalSection(SolutionProperties) = preSolution
		HideSolutionNode = FALSE
	EndGlobalSection
	GlobalSection(ExtensibilityGlobals) = postSolution
		SolutionGuid = {0F4653ED-0ED9-44A6-B4A3-4C10F084DE64}
	EndGlobalSection
EndGlobal
